
Microsoft Visual Studio Solution File, Format Version 11.00
# Visual Studio 2010
Project("{8BC9CEB8-8B4A-11D0-8D11-00A0C91BC942}") = "XZenFileFormat", "XZenFileFormat\XZenFileFormat.vcxproj", "{8E5E7C21-DD3F-43E1-ADF9-5D9DA44F5BD2}"
EndProject
Global
	GlobalSection(SolutionConfigurationPlatforms) = preSolution
		Debug|Win32 = Debug|Win32
		G1 Debug|Win32 = G1 Debug|Win32
		G1 Release|Win32 = G1 Release|Win32
		G1A Debug|Win32 = G1A Debug|Win32
		G1A Release|Win32 = G1A Release|Win32
		G2 Debug|Win32 = G2 Debug|Win32
		G2 Release|Win32 = G2 Release|Win32
		G2A Debug|Win32 = G2A Debug|Win32
		G2A Release|Win32 = G2A Release|Win32
		Release|Win32 = Release|Win32
	EndGlobalSection
	GlobalSection(ProjectConfigurationPlatforms) = postSolution
		{8E5E7C21-DD3F-43E1-ADF9-5D9DA44F5BD2}.Debug|Win32.ActiveCfg = Debug|Win32
		{8E5E7C21-DD3F-43E1-ADF9-5D9DA44F5BD2}.Debug|Win32.Build.0 = Debug|Win32
		{8E5E7C21-DD3F-43E1-ADF9-5D9DA44F5BD2}.G1 Debug|Win32.ActiveCfg = G1 Debug|Win32
		{8E5E7C21-DD3F-43E1-ADF9-5D9DA44F5BD2}.G1 Debug|Win32.Build.0 = G1 Debug|Win32
		{8E5E7C21-DD3F-43E1-ADF9-5D9DA44F5BD2}.G1 Release|Win32.ActiveCfg = G1 Release|Win32
		{8E5E7C21-DD3F-43E1-ADF9-5D9DA44F5BD2}.G1 Release|Win32.Build.0 = G1 Release|Win32
		{8E5E7C21-DD3F-43E1-ADF9-5D9DA44F5BD2}.G1A Debug|Win32.ActiveCfg = G1A Debug|Win32
		{8E5E7C21-DD3F-43E1-ADF9-5D9DA44F5BD2}.G1A Debug|Win32.Build.0 = G1A Debug|Win32
		{8E5E7C21-DD3F-43E1-ADF9-5D9DA44F5BD2}.G1A Release|Win32.ActiveCfg = G1A Release|Win32
		{8E5E7C21-DD3F-43E1-ADF9-5D9DA44F5BD2}.G1A Release|Win32.Build.0 = G1A Release|Win32
		{8E5E7C21-DD3F-43E1-ADF9-5D9DA44F5BD2}.G2 Debug|Win32.ActiveCfg = G2 Debug|Win32
		{8E5E7C21-DD3F-43E1-ADF9-5D9DA44F5BD2}.G2 Debug|Win32.Build.0 = G2 Debug|Win32
		{8E5E7C21-DD3F-43E1-ADF9-5D9DA44F5BD2}.G2 Release|Win32.ActiveCfg = G2 Release|Win32
		{8E5E7C21-DD3F-43E1-ADF9-5D9DA44F5BD2}.G2 Release|Win32.Build.0 = G2 Release|Win32
		{8E5E7C21-DD3F-43E1-ADF9-5D9DA44F5BD2}.G2A Debug|Win32.ActiveCfg = G2A Debug|Win32
		{8E5E7C21-DD3F-43E1-ADF9-5D9DA44F5BD2}.G2A Debug|Win32.Build.0 = G2A Debug|Win32
		{8E5E7C21-DD3F-43E1-ADF9-5D9DA44F5BD2}.G2A Release|Win32.ActiveCfg = G2A Release|Win32
		{8E5E7C21-DD3F-43E1-ADF9-5D9DA44F5BD2}.G2A Release|Win32.Build.0 = G2A Release|Win32
		{8E5E7C21-DD3F-43E1-ADF9-5D9DA44F5BD2}.Release|Win32.ActiveCfg = Release|Win32
		{8E5E7C21-DD3F-43E1-ADF9-5D9DA44F5BD2}.Release|Win32.Build.0 = Release|Win32
	EndGlobalSection
	GlobalSection(SolutionProperties) = preSolution
		HideSolutionNode = FALSE
	EndGlobalSection
EndGlobal
