
Microsoft Visual Studio Solution File, Format Version 12.00
# Visual Studio Version 16
VisualStudioVersion = 16.0.28803.156
MinimumVisualStudioVersion = 10.0.40219.1
Project("{8BC9CEB8-8B4A-11D0-8D11-00A0C91BC942}") = "XZenFileFormat", "XZenFileFormat\XZenFileFormat.vcxproj", "{8E5E7C21-DD3F-43E1-ADF9-5D9DA44F5BD2}"
EndProject
Project("{8BC9CEB8-8B4A-11D0-8D11-00A0C91BC942}") = "Mp3Themes", "Mp3Themes\Mp3Themes.vcxproj", "{DB07B9A6-8029-485C-AC4C-F0FF747FF502}"
EndProject
Project("{8BC9CEB8-8B4A-11D0-8D11-00A0C91BC942}") = "AlphaTwoPass", "AlphaTwoPass\AlphaTwoPass.vcxproj", "{1EC45C3B-C46F-4D59-B3F4-F93062208F1D}"
EndProject
Project("{8BC9CEB8-8B4A-11D0-8D11-00A0C91BC942}") = "CarnageFatnessFix", "CarnageFatnessFix\CarnageFatnessFix.vcxproj", "{1529CFB9-3643-4F2A-8D09-40180B667531}"
EndProject
Project("{8BC9CEB8-8B4A-11D0-8D11-00A0C91BC942}") = "ClimbingAngleFix", "ClimbingAngleFix\ClimbingAngleFix.vcxproj", "{04193C32-2BEF-4A1B-9FBA-E34F4893BE2B}"
EndProject
Project("{8BC9CEB8-8B4A-11D0-8D11-00A0C91BC942}") = "MagicBarrierFix", "MagicBarrierFix\MagicBarrierFix.vcxproj", "{24632548-DFF7-400C-A046-CB4080C06930}"
EndProject
Project("{8BC9CEB8-8B4A-11D0-8D11-00A0C91BC942}") = "CloudGenerator", "CloudGenerator\CloudGenerator.vcxproj", "{88088DC1-FFFD-4869-8BB2-B25D5D260C3D}"
EndProject
Project("{8BC9CEB8-8B4A-11D0-8D11-00A0C91BC942}") = "FogZones", "FogZones\FogZones.vcxproj", "{C0F98F75-8E35-48C0-9C95-74D666004DDA}"
EndProject
Global
	GlobalSection(SolutionConfigurationPlatforms) = preSolution
		Debug|x86 = Debug|x86
		G1 Debug|x86 = G1 Debug|x86
		G1 Release|x86 = G1 Release|x86
		G1A Debug|x86 = G1A Debug|x86
		G1A Release|x86 = G1A Release|x86
		G2 Debug|x86 = G2 Debug|x86
		G2 Release|x86 = G2 Release|x86
		G2A Debug|x86 = G2A Debug|x86
		G2A Release|x86 = G2A Release|x86
		Release|x86 = Release|x86
	EndGlobalSection
	GlobalSection(ProjectConfigurationPlatforms) = postSolution
		{8E5E7C21-DD3F-43E1-ADF9-5D9DA44F5BD2}.Debug|x86.ActiveCfg = Debug|Win32
		{8E5E7C21-DD3F-43E1-ADF9-5D9DA44F5BD2}.Debug|x86.Build.0 = Debug|Win32
		{8E5E7C21-DD3F-43E1-ADF9-5D9DA44F5BD2}.G1 Debug|x86.ActiveCfg = G1 Debug|Win32
		{8E5E7C21-DD3F-43E1-ADF9-5D9DA44F5BD2}.G1 Debug|x86.Build.0 = G1 Debug|Win32
		{8E5E7C21-DD3F-43E1-ADF9-5D9DA44F5BD2}.G1 Release|x86.ActiveCfg = G1 Release|Win32
		{8E5E7C21-DD3F-43E1-ADF9-5D9DA44F5BD2}.G1 Release|x86.Build.0 = G1 Release|Win32
		{8E5E7C21-DD3F-43E1-ADF9-5D9DA44F5BD2}.G1A Debug|x86.ActiveCfg = G1A Debug|Win32
		{8E5E7C21-DD3F-43E1-ADF9-5D9DA44F5BD2}.G1A Debug|x86.Build.0 = G1A Debug|Win32
		{8E5E7C21-DD3F-43E1-ADF9-5D9DA44F5BD2}.G1A Release|x86.ActiveCfg = G1A Release|Win32
		{8E5E7C21-DD3F-43E1-ADF9-5D9DA44F5BD2}.G1A Release|x86.Build.0 = G1A Release|Win32
		{8E5E7C21-DD3F-43E1-ADF9-5D9DA44F5BD2}.G2 Debug|x86.ActiveCfg = G2 Debug|Win32
		{8E5E7C21-DD3F-43E1-ADF9-5D9DA44F5BD2}.G2 Debug|x86.Build.0 = G2 Debug|Win32
		{8E5E7C21-DD3F-43E1-ADF9-5D9DA44F5BD2}.G2 Release|x86.ActiveCfg = G2 Release|Win32
		{8E5E7C21-DD3F-43E1-ADF9-5D9DA44F5BD2}.G2 Release|x86.Build.0 = G2 Release|Win32
		{8E5E7C21-DD3F-43E1-ADF9-5D9DA44F5BD2}.G2A Debug|x86.ActiveCfg = G2A Debug|Win32
		{8E5E7C21-DD3F-43E1-ADF9-5D9DA44F5BD2}.G2A Debug|x86.Build.0 = G2A Debug|Win32
		{8E5E7C21-DD3F-43E1-ADF9-5D9DA44F5BD2}.G2A Release|x86.ActiveCfg = G2A Release|Win32
		{8E5E7C21-DD3F-43E1-ADF9-5D9DA44F5BD2}.G2A Release|x86.Build.0 = G2A Release|Win32
		{8E5E7C21-DD3F-43E1-ADF9-5D9DA44F5BD2}.Release|x86.ActiveCfg = Release|Win32
		{8E5E7C21-DD3F-43E1-ADF9-5D9DA44F5BD2}.Release|x86.Build.0 = Release|Win32
		{DB07B9A6-8029-485C-AC4C-F0FF747FF502}.Debug|x86.ActiveCfg = Debug|Win32
		{DB07B9A6-8029-485C-AC4C-F0FF747FF502}.Debug|x86.Build.0 = Debug|Win32
		{DB07B9A6-8029-485C-AC4C-F0FF747FF502}.G1 Debug|x86.ActiveCfg = G1 Debug|Win32
		{DB07B9A6-8029-485C-AC4C-F0FF747FF502}.G1 Debug|x86.Build.0 = G1 Debug|Win32
		{DB07B9A6-8029-485C-AC4C-F0FF747FF502}.G1 Release|x86.ActiveCfg = G1 Release|Win32
		{DB07B9A6-8029-485C-AC4C-F0FF747FF502}.G1 Release|x86.Build.0 = G1 Release|Win32
		{DB07B9A6-8029-485C-AC4C-F0FF747FF502}.G1A Debug|x86.ActiveCfg = G1A Debug|Win32
		{DB07B9A6-8029-485C-AC4C-F0FF747FF502}.G1A Debug|x86.Build.0 = G1A Debug|Win32
		{DB07B9A6-8029-485C-AC4C-F0FF747FF502}.G1A Release|x86.ActiveCfg = G1A Release|Win32
		{DB07B9A6-8029-485C-AC4C-F0FF747FF502}.G1A Release|x86.Build.0 = G1A Release|Win32
		{DB07B9A6-8029-485C-AC4C-F0FF747FF502}.G2 Debug|x86.ActiveCfg = G2 Debug|Win32
		{DB07B9A6-8029-485C-AC4C-F0FF747FF502}.G2 Debug|x86.Build.0 = G2 Debug|Win32
		{DB07B9A6-8029-485C-AC4C-F0FF747FF502}.G2 Release|x86.ActiveCfg = G2 Release|Win32
		{DB07B9A6-8029-485C-AC4C-F0FF747FF502}.G2 Release|x86.Build.0 = G2 Release|Win32
		{DB07B9A6-8029-485C-AC4C-F0FF747FF502}.G2A Debug|x86.ActiveCfg = G2A Debug|Win32
		{DB07B9A6-8029-485C-AC4C-F0FF747FF502}.G2A Debug|x86.Build.0 = G2A Debug|Win32
		{DB07B9A6-8029-485C-AC4C-F0FF747FF502}.G2A Release|x86.ActiveCfg = G2A Release|Win32
		{DB07B9A6-8029-485C-AC4C-F0FF747FF502}.G2A Release|x86.Build.0 = G2A Release|Win32
		{DB07B9A6-8029-485C-AC4C-F0FF747FF502}.Release|x86.ActiveCfg = Release|Win32
		{DB07B9A6-8029-485C-AC4C-F0FF747FF502}.Release|x86.Build.0 = Release|Win32
		{1EC45C3B-C46F-4D59-B3F4-F93062208F1D}.Debug|x86.ActiveCfg = Debug|Win32
		{1EC45C3B-C46F-4D59-B3F4-F93062208F1D}.Debug|x86.Build.0 = Debug|Win32
		{1EC45C3B-C46F-4D59-B3F4-F93062208F1D}.G1 Debug|x86.ActiveCfg = G1 Debug|Win32
		{1EC45C3B-C46F-4D59-B3F4-F93062208F1D}.G1 Debug|x86.Build.0 = G1 Debug|Win32
		{1EC45C3B-C46F-4D59-B3F4-F93062208F1D}.G1 Release|x86.ActiveCfg = G1 Release|Win32
		{1EC45C3B-C46F-4D59-B3F4-F93062208F1D}.G1 Release|x86.Build.0 = G1 Release|Win32
		{1EC45C3B-C46F-4D59-B3F4-F93062208F1D}.G1A Debug|x86.ActiveCfg = G1A Debug|Win32
		{1EC45C3B-C46F-4D59-B3F4-F93062208F1D}.G1A Debug|x86.Build.0 = G1A Debug|Win32
		{1EC45C3B-C46F-4D59-B3F4-F93062208F1D}.G1A Release|x86.ActiveCfg = G1A Release|Win32
		{1EC45C3B-C46F-4D59-B3F4-F93062208F1D}.G1A Release|x86.Build.0 = G1A Release|Win32
		{1EC45C3B-C46F-4D59-B3F4-F93062208F1D}.G2 Debug|x86.ActiveCfg = G2 Debug|Win32
		{1EC45C3B-C46F-4D59-B3F4-F93062208F1D}.G2 Debug|x86.Build.0 = G2 Debug|Win32
		{1EC45C3B-C46F-4D59-B3F4-F93062208F1D}.G2 Release|x86.ActiveCfg = G2 Release|Win32
		{1EC45C3B-C46F-4D59-B3F4-F93062208F1D}.G2 Release|x86.Build.0 = G2 Release|Win32
		{1EC45C3B-C46F-4D59-B3F4-F93062208F1D}.G2A Debug|x86.ActiveCfg = G2A Debug|Win32
		{1EC45C3B-C46F-4D59-B3F4-F93062208F1D}.G2A Debug|x86.Build.0 = G2A Debug|Win32
		{1EC45C3B-C46F-4D59-B3F4-F93062208F1D}.G2A Release|x86.ActiveCfg = G2A Release|Win32
		{1EC45C3B-C46F-4D59-B3F4-F93062208F1D}.G2A Release|x86.Build.0 = G2A Release|Win32
		{1EC45C3B-C46F-4D59-B3F4-F93062208F1D}.Release|x86.ActiveCfg = Release|Win32
		{1EC45C3B-C46F-4D59-B3F4-F93062208F1D}.Release|x86.Build.0 = Release|Win32
		{1529CFB9-3643-4F2A-8D09-40180B667531}.Debug|x86.ActiveCfg = Debug|Win32
		{1529CFB9-3643-4F2A-8D09-40180B667531}.Debug|x86.Build.0 = Debug|Win32
		{1529CFB9-3643-4F2A-8D09-40180B667531}.G1 Debug|x86.ActiveCfg = G1 Debug|Win32
		{1529CFB9-3643-4F2A-8D09-40180B667531}.G1 Debug|x86.Build.0 = G1 Debug|Win32
		{1529CFB9-3643-4F2A-8D09-40180B667531}.G1 Release|x86.ActiveCfg = G1 Release|Win32
		{1529CFB9-3643-4F2A-8D09-40180B667531}.G1 Release|x86.Build.0 = G1 Release|Win32
		{1529CFB9-3643-4F2A-8D09-40180B667531}.G1A Debug|x86.ActiveCfg = G1A Debug|Win32
		{1529CFB9-3643-4F2A-8D09-40180B667531}.G1A Debug|x86.Build.0 = G1A Debug|Win32
		{1529CFB9-3643-4F2A-8D09-40180B667531}.G1A Release|x86.ActiveCfg = G1A Release|Win32
		{1529CFB9-3643-4F2A-8D09-40180B667531}.G1A Release|x86.Build.0 = G1A Release|Win32
		{1529CFB9-3643-4F2A-8D09-40180B667531}.G2 Debug|x86.ActiveCfg = G2 Debug|Win32
		{1529CFB9-3643-4F2A-8D09-40180B667531}.G2 Debug|x86.Build.0 = G2 Debug|Win32
		{1529CFB9-3643-4F2A-8D09-40180B667531}.G2 Release|x86.ActiveCfg = G2 Release|Win32
		{1529CFB9-3643-4F2A-8D09-40180B667531}.G2 Release|x86.Build.0 = G2 Release|Win32
		{1529CFB9-3643-4F2A-8D09-40180B667531}.G2A Debug|x86.ActiveCfg = G2A Debug|Win32
		{1529CFB9-3643-4F2A-8D09-40180B667531}.G2A Debug|x86.Build.0 = G2A Debug|Win32
		{1529CFB9-3643-4F2A-8D09-40180B667531}.G2A Release|x86.ActiveCfg = G2A Release|Win32
		{1529CFB9-3643-4F2A-8D09-40180B667531}.G2A Release|x86.Build.0 = G2A Release|Win32
		{1529CFB9-3643-4F2A-8D09-40180B667531}.Release|x86.ActiveCfg = Release|Win32
		{1529CFB9-3643-4F2A-8D09-40180B667531}.Release|x86.Build.0 = Release|Win32
		{04193C32-2BEF-4A1B-9FBA-E34F4893BE2B}.Debug|x86.ActiveCfg = Debug|Win32
		{04193C32-2BEF-4A1B-9FBA-E34F4893BE2B}.Debug|x86.Build.0 = Debug|Win32
		{04193C32-2BEF-4A1B-9FBA-E34F4893BE2B}.G1 Debug|x86.ActiveCfg = G1 Debug|Win32
		{04193C32-2BEF-4A1B-9FBA-E34F4893BE2B}.G1 Debug|x86.Build.0 = G1 Debug|Win32
		{04193C32-2BEF-4A1B-9FBA-E34F4893BE2B}.G1 Release|x86.ActiveCfg = G1 Release|Win32
		{04193C32-2BEF-4A1B-9FBA-E34F4893BE2B}.G1 Release|x86.Build.0 = G1 Release|Win32
		{04193C32-2BEF-4A1B-9FBA-E34F4893BE2B}.G1A Debug|x86.ActiveCfg = G1A Debug|Win32
		{04193C32-2BEF-4A1B-9FBA-E34F4893BE2B}.G1A Debug|x86.Build.0 = G1A Debug|Win32
		{04193C32-2BEF-4A1B-9FBA-E34F4893BE2B}.G1A Release|x86.ActiveCfg = G1A Release|Win32
		{04193C32-2BEF-4A1B-9FBA-E34F4893BE2B}.G1A Release|x86.Build.0 = G1A Release|Win32
		{04193C32-2BEF-4A1B-9FBA-E34F4893BE2B}.G2 Debug|x86.ActiveCfg = G2 Debug|Win32
		{04193C32-2BEF-4A1B-9FBA-E34F4893BE2B}.G2 Debug|x86.Build.0 = G2 Debug|Win32
		{04193C32-2BEF-4A1B-9FBA-E34F4893BE2B}.G2 Release|x86.ActiveCfg = G2 Release|Win32
		{04193C32-2BEF-4A1B-9FBA-E34F4893BE2B}.G2 Release|x86.Build.0 = G2 Release|Win32
		{04193C32-2BEF-4A1B-9FBA-E34F4893BE2B}.G2A Debug|x86.ActiveCfg = G2A Debug|Win32
		{04193C32-2BEF-4A1B-9FBA-E34F4893BE2B}.G2A Debug|x86.Build.0 = G2A Debug|Win32
		{04193C32-2BEF-4A1B-9FBA-E34F4893BE2B}.G2A Release|x86.ActiveCfg = G2A Release|Win32
		{04193C32-2BEF-4A1B-9FBA-E34F4893BE2B}.G2A Release|x86.Build.0 = G2A Release|Win32
		{04193C32-2BEF-4A1B-9FBA-E34F4893BE2B}.Release|x86.ActiveCfg = Release|Win32
		{04193C32-2BEF-4A1B-9FBA-E34F4893BE2B}.Release|x86.Build.0 = Release|Win32
		{24632548-DFF7-400C-A046-CB4080C06930}.Debug|x86.ActiveCfg = Debug|Win32
		{24632548-DFF7-400C-A046-CB4080C06930}.Debug|x86.Build.0 = Debug|Win32
		{24632548-DFF7-400C-A046-CB4080C06930}.G1 Debug|x86.ActiveCfg = G1 Debug|Win32
		{24632548-DFF7-400C-A046-CB4080C06930}.G1 Debug|x86.Build.0 = G1 Debug|Win32
		{24632548-DFF7-400C-A046-CB4080C06930}.G1 Release|x86.ActiveCfg = G1 Release|Win32
		{24632548-DFF7-400C-A046-CB4080C06930}.G1 Release|x86.Build.0 = G1 Release|Win32
		{24632548-DFF7-400C-A046-CB4080C06930}.G1A Debug|x86.ActiveCfg = G1A Debug|Win32
		{24632548-DFF7-400C-A046-CB4080C06930}.G1A Debug|x86.Build.0 = G1A Debug|Win32
		{24632548-DFF7-400C-A046-CB4080C06930}.G1A Release|x86.ActiveCfg = G1A Release|Win32
		{24632548-DFF7-400C-A046-CB4080C06930}.G1A Release|x86.Build.0 = G1A Release|Win32
		{24632548-DFF7-400C-A046-CB4080C06930}.G2 Debug|x86.ActiveCfg = G2 Debug|Win32
		{24632548-DFF7-400C-A046-CB4080C06930}.G2 Debug|x86.Build.0 = G2 Debug|Win32
		{24632548-DFF7-400C-A046-CB4080C06930}.G2 Release|x86.ActiveCfg = G2 Release|Win32
		{24632548-DFF7-400C-A046-CB4080C06930}.G2 Release|x86.Build.0 = G2 Release|Win32
		{24632548-DFF7-400C-A046-CB4080C06930}.G2A Debug|x86.ActiveCfg = G2A Debug|Win32
		{24632548-DFF7-400C-A046-CB4080C06930}.G2A Debug|x86.Build.0 = G2A Debug|Win32
		{24632548-DFF7-400C-A046-CB4080C06930}.G2A Release|x86.ActiveCfg = G2A Release|Win32
		{24632548-DFF7-400C-A046-CB4080C06930}.G2A Release|x86.Build.0 = G2A Release|Win32
		{24632548-DFF7-400C-A046-CB4080C06930}.Release|x86.ActiveCfg = Release|Win32
		{24632548-DFF7-400C-A046-CB4080C06930}.Release|x86.Build.0 = Release|Win32
		{88088DC1-FFFD-4869-8BB2-B25D5D260C3D}.Debug|x86.ActiveCfg = Debug|Win32
		{88088DC1-FFFD-4869-8BB2-B25D5D260C3D}.Debug|x86.Build.0 = Debug|Win32
		{88088DC1-FFFD-4869-8BB2-B25D5D260C3D}.G1 Debug|x86.ActiveCfg = G1 Debug|Win32
		{88088DC1-FFFD-4869-8BB2-B25D5D260C3D}.G1 Debug|x86.Build.0 = G1 Debug|Win32
		{88088DC1-FFFD-4869-8BB2-B25D5D260C3D}.G1 Release|x86.ActiveCfg = G1 Release|Win32
		{88088DC1-FFFD-4869-8BB2-B25D5D260C3D}.G1 Release|x86.Build.0 = G1 Release|Win32
		{88088DC1-FFFD-4869-8BB2-B25D5D260C3D}.G1A Debug|x86.ActiveCfg = G1A Debug|Win32
		{88088DC1-FFFD-4869-8BB2-B25D5D260C3D}.G1A Debug|x86.Build.0 = G1A Debug|Win32
		{88088DC1-FFFD-4869-8BB2-B25D5D260C3D}.G1A Release|x86.ActiveCfg = G1A Release|Win32
		{88088DC1-FFFD-4869-8BB2-B25D5D260C3D}.G1A Release|x86.Build.0 = G1A Release|Win32
		{88088DC1-FFFD-4869-8BB2-B25D5D260C3D}.G2 Debug|x86.ActiveCfg = G2 Debug|Win32
		{88088DC1-FFFD-4869-8BB2-B25D5D260C3D}.G2 Debug|x86.Build.0 = G2 Debug|Win32
		{88088DC1-FFFD-4869-8BB2-B25D5D260C3D}.G2 Release|x86.ActiveCfg = G2 Release|Win32
		{88088DC1-FFFD-4869-8BB2-B25D5D260C3D}.G2 Release|x86.Build.0 = G2 Release|Win32
		{88088DC1-FFFD-4869-8BB2-B25D5D260C3D}.G2A Debug|x86.ActiveCfg = G2A Debug|Win32
		{88088DC1-FFFD-4869-8BB2-B25D5D260C3D}.G2A Debug|x86.Build.0 = G2A Debug|Win32
		{88088DC1-FFFD-4869-8BB2-B25D5D260C3D}.G2A Release|x86.ActiveCfg = G2A Release|Win32
		{88088DC1-FFFD-4869-8BB2-B25D5D260C3D}.G2A Release|x86.Build.0 = G2A Release|Win32
		{88088DC1-FFFD-4869-8BB2-B25D5D260C3D}.Release|x86.ActiveCfg = Release|Win32
		{88088DC1-FFFD-4869-8BB2-B25D5D260C3D}.Release|x86.Build.0 = Release|Win32
		{C0F98F75-8E35-48C0-9C95-74D666004DDA}.Debug|x86.ActiveCfg = Debug|Win32
		{C0F98F75-8E35-48C0-9C95-74D666004DDA}.Debug|x86.Build.0 = Debug|Win32
		{C0F98F75-8E35-48C0-9C95-74D666004DDA}.G1 Debug|x86.ActiveCfg = G1 Debug|Win32
		{C0F98F75-8E35-48C0-9C95-74D666004DDA}.G1 Debug|x86.Build.0 = G1 Debug|Win32
		{C0F98F75-8E35-48C0-9C95-74D666004DDA}.G1 Release|x86.ActiveCfg = G1 Release|Win32
		{C0F98F75-8E35-48C0-9C95-74D666004DDA}.G1 Release|x86.Build.0 = G1 Release|Win32
		{C0F98F75-8E35-48C0-9C95-74D666004DDA}.G1A Debug|x86.ActiveCfg = G1A Debug|Win32
		{C0F98F75-8E35-48C0-9C95-74D666004DDA}.G1A Debug|x86.Build.0 = G1A Debug|Win32
		{C0F98F75-8E35-48C0-9C95-74D666004DDA}.G1A Release|x86.ActiveCfg = G1A Release|Win32
		{C0F98F75-8E35-48C0-9C95-74D666004DDA}.G1A Release|x86.Build.0 = G1A Release|Win32
		{C0F98F75-8E35-48C0-9C95-74D666004DDA}.G2 Debug|x86.ActiveCfg = G2 Debug|Win32
		{C0F98F75-8E35-48C0-9C95-74D666004DDA}.G2 Debug|x86.Build.0 = G2 Debug|Win32
		{C0F98F75-8E35-48C0-9C95-74D666004DDA}.G2 Release|x86.ActiveCfg = G2 Release|Win32
		{C0F98F75-8E35-48C0-9C95-74D666004DDA}.G2 Release|x86.Build.0 = G2 Release|Win32
		{C0F98F75-8E35-48C0-9C95-74D666004DDA}.G2A Debug|x86.ActiveCfg = G2A Debug|Win32
		{C0F98F75-8E35-48C0-9C95-74D666004DDA}.G2A Debug|x86.Build.0 = G2A Debug|Win32
		{C0F98F75-8E35-48C0-9C95-74D666004DDA}.G2A Release|x86.ActiveCfg = G2A Release|Win32
		{C0F98F75-8E35-48C0-9C95-74D666004DDA}.G2A Release|x86.Build.0 = G2A Release|Win32
		{C0F98F75-8E35-48C0-9C95-74D666004DDA}.Release|x86.ActiveCfg = Release|Win32
		{C0F98F75-8E35-48C0-9C95-74D666004DDA}.Release|x86.Build.0 = Release|Win32
	EndGlobalSection
	GlobalSection(SolutionProperties) = preSolution
		HideSolutionNode = FALSE
	EndGlobalSection
	GlobalSection(ExtensibilityGlobals) = postSolution
		SolutionGuid = {8C56E48C-5D14-47A1-A2F1-CCBB9BE29DAF}
	EndGlobalSection
EndGlobal
